// !$*UTF8*$!
{
	archiveVersion = 1;
	classes = {
	};
	objectVersion = 56;
	objects = {

/* Begin PBXBuildFile section */
		CF54E05E2A249FFC00001381 /* Appnap_BlogApp.swift in Sources */ = {isa = PBXBuildFile; fileRef = CF54E05D2A249FFC00001381 /* Appnap_BlogApp.swift */; };
		CF54E0602A249FFC00001381 /* ContentView.swift in Sources */ = {isa = PBXBuildFile; fileRef = CF54E05F2A249FFC00001381 /* ContentView.swift */; };
		CF54E0622A249FFE00001381 /* Assets.xcassets in Resources */ = {isa = PBXBuildFile; fileRef = CF54E0612A249FFE00001381 /* Assets.xcassets */; };
		CF54E0652A249FFE00001381 /* Preview Assets.xcassets in Resources */ = {isa = PBXBuildFile; fileRef = CF54E0642A249FFE00001381 /* Preview Assets.xcassets */; };
		CF54E06E2A24A6D300001381 /* MainView.swift in Sources */ = {isa = PBXBuildFile; fileRef = CF54E06D2A24A6D300001381 /* MainView.swift */; };
		CF54E0702A24ACC200001381 /* OnboardingView.swift in Sources */ = {isa = PBXBuildFile; fileRef = CF54E06F2A24ACC200001381 /* OnboardingView.swift */; };
		CF54E0732A24C93A00001381 /* Lottie in Frameworks */ = {isa = PBXBuildFile; productRef = CF54E0722A24C93A00001381 /* Lottie */; };
		CF54E0752A24D02100001381 /* OnBoardLottieView.swift in Sources */ = {isa = PBXBuildFile; fileRef = CF54E0742A24D02100001381 /* OnBoardLottieView.swift */; };
		CF54E0772A24D20F00001381 /* onboard_anim.json in Resources */ = {isa = PBXBuildFile; fileRef = CF54E0762A24D20F00001381 /* onboard_anim.json */; };
		CFBB82FE2A261FC90093A5A5 /* HomeScreenView.swift in Sources */ = {isa = PBXBuildFile; fileRef = CFBB82FD2A261FC90093A5A5 /* HomeScreenView.swift */; };
		CFBB83022A261FEE0093A5A5 /* ArticleView.swift in Sources */ = {isa = PBXBuildFile; fileRef = CFBB83012A261FEE0093A5A5 /* ArticleView.swift */; };
		CFBB83042A2620050093A5A5 /* SearchView.swift in Sources */ = {isa = PBXBuildFile; fileRef = CFBB83032A2620050093A5A5 /* SearchView.swift */; };
		CFBB83062A2620170093A5A5 /* AccountView.swift in Sources */ = {isa = PBXBuildFile; fileRef = CFBB83052A2620170093A5A5 /* AccountView.swift */; };
/* End PBXBuildFile section */

/* Begin PBXFileReference section */
		CF54E05A2A249FFC00001381 /* Appnap Blog.app */ = {isa = PBXFileReference; explicitFileType = wrapper.application; includeInIndex = 0; path = "Appnap Blog.app"; sourceTree = BUILT_PRODUCTS_DIR; };
		CF54E05D2A249FFC00001381 /* Appnap_BlogApp.swift */ = {isa = PBXFileReference; lastKnownFileType = sourcecode.swift; path = Appnap_BlogApp.swift; sourceTree = "<group>"; };
		CF54E05F2A249FFC00001381 /* ContentView.swift */ = {isa = PBXFileReference; lastKnownFileType = sourcecode.swift; path = ContentView.swift; sourceTree = "<group>"; };
		CF54E0612A249FFE00001381 /* Assets.xcassets */ = {isa = PBXFileReference; lastKnownFileType = folder.assetcatalog; path = Assets.xcassets; sourceTree = "<group>"; };
		CF54E0642A249FFE00001381 /* Preview Assets.xcassets */ = {isa = PBXFileReference; lastKnownFileType = folder.assetcatalog; path = "Preview Assets.xcassets"; sourceTree = "<group>"; };
		CF54E06D2A24A6D300001381 /* MainView.swift */ = {isa = PBXFileReference; lastKnownFileType = sourcecode.swift; path = MainView.swift; sourceTree = "<group>"; };
		CF54E06F2A24ACC200001381 /* OnboardingView.swift */ = {isa = PBXFileReference; lastKnownFileType = sourcecode.swift; path = OnboardingView.swift; sourceTree = "<group>"; };
		CF54E0742A24D02100001381 /* OnBoardLottieView.swift */ = {isa = PBXFileReference; lastKnownFileType = sourcecode.swift; path = OnBoardLottieView.swift; sourceTree = "<group>"; };
		CF54E0762A24D20F00001381 /* onboard_anim.json */ = {isa = PBXFileReference; fileEncoding = 4; lastKnownFileType = text.json; path = onboard_anim.json; sourceTree = "<group>"; };
		CFBB82FD2A261FC90093A5A5 /* HomeScreenView.swift */ = {isa = PBXFileReference; lastKnownFileType = sourcecode.swift; path = HomeScreenView.swift; sourceTree = "<group>"; };
		CFBB83012A261FEE0093A5A5 /* ArticleView.swift */ = {isa = PBXFileReference; lastKnownFileType = sourcecode.swift; path = ArticleView.swift; sourceTree = "<group>"; };
		CFBB83032A2620050093A5A5 /* SearchView.swift */ = {isa = PBXFileReference; lastKnownFileType = sourcecode.swift; path = SearchView.swift; sourceTree = "<group>"; };
		CFBB83052A2620170093A5A5 /* AccountView.swift */ = {isa = PBXFileReference; lastKnownFileType = sourcecode.swift; path = AccountView.swift; sourceTree = "<group>"; };
/* End PBXFileReference section */

/* Begin PBXFrameworksBuildPhase section */
		CF54E0572A249FFC00001381 /* Frameworks */ = {
			isa = PBXFrameworksBuildPhase;
			buildActionMask = 2147483647;
			files = (
				CF54E0732A24C93A00001381 /* Lottie in Frameworks */,
			);
			runOnlyForDeploymentPostprocessing = 0;
		};
/* End PBXFrameworksBuildPhase section */

/* Begin PBXGroup section */
		CF54E0512A249FFC00001381 = {
			isa = PBXGroup;
			children = (
				CF54E05C2A249FFC00001381 /* Appnap Blog */,
				CF54E05B2A249FFC00001381 /* Products */,
			);
			sourceTree = "<group>";
		};
		CF54E05B2A249FFC00001381 /* Products */ = {
			isa = PBXGroup;
			children = (
				CF54E05A2A249FFC00001381 /* Appnap Blog.app */,
			);
			name = Products;
			sourceTree = "<group>";
		};
		CF54E05C2A249FFC00001381 /* Appnap Blog */ = {
			isa = PBXGroup;
			children = (
				CFBB82FC2A261FBA0093A5A5 /* views */,
				CF54E0762A24D20F00001381 /* onboard_anim.json */,
				CF54E05D2A249FFC00001381 /* Appnap_BlogApp.swift */,
				CF54E05F2A249FFC00001381 /* ContentView.swift */,
				CF54E06F2A24ACC200001381 /* OnboardingView.swift */,
				CF54E0742A24D02100001381 /* OnBoardLottieView.swift */,
				CF54E06D2A24A6D300001381 /* MainView.swift */,
				CF54E0612A249FFE00001381 /* Assets.xcassets */,
				CF54E0632A249FFE00001381 /* Preview Content */,
			);
			path = "Appnap Blog";
			sourceTree = "<group>";
		};
		CF54E0632A249FFE00001381 /* Preview Content */ = {
			isa = PBXGroup;
			children = (
				CF54E0642A249FFE00001381 /* Preview Assets.xcassets */,
			);
			path = "Preview Content";
			sourceTree = "<group>";
		};
		CFBB82FC2A261FBA0093A5A5 /* views */ = {
			isa = PBXGroup;
			children = (
				CFBB82FD2A261FC90093A5A5 /* HomeScreenView.swift */,
				CFBB83012A261FEE0093A5A5 /* ArticleView.swift */,
				CFBB83032A2620050093A5A5 /* SearchView.swift */,
				CFBB83052A2620170093A5A5 /* AccountView.swift */,
			);
			path = views;
			sourceTree = "<group>";
		};
/* End PBXGroup section */

/* Begin PBXNativeTarget section */
		CF54E0592A249FFC00001381 /* Appnap Blog */ = {
			isa = PBXNativeTarget;
			buildConfigurationList = CF54E0682A249FFE00001381 /* Build configuration list for PBXNativeTarget "Appnap Blog" */;
			buildPhases = (
				CF54E0562A249FFC00001381 /* Sources */,
				CF54E0572A249FFC00001381 /* Frameworks */,
				CF54E0582A249FFC00001381 /* Resources */,
			);
			buildRules = (
			);
			dependencies = (
			);
			name = "Appnap Blog";
			packageProductDependencies = (
				CF54E0722A24C93A00001381 /* Lottie */,
			);
			productName = "Appnap Blog";
			productReference = CF54E05A2A249FFC00001381 /* Appnap Blog.app */;
			productType = "com.apple.product-type.application";
		};
/* End PBXNativeTarget section */

/* Begin PBXProject section */
		CF54E0522A249FFC00001381 /* Project object */ = {
			isa = PBXProject;
			attributes = {
				BuildIndependentTargetsInParallel = 1;
				LastSwiftUpdateCheck = 1420;
				LastUpgradeCheck = 1420;
				TargetAttributes = {
					CF54E0592A249FFC00001381 = {
						CreatedOnToolsVersion = 14.2;
					};
				};
			};
			buildConfigurationList = CF54E0552A249FFC00001381 /* Build configuration list for PBXProject "Appnap Blog" */;
			compatibilityVersion = "Xcode 14.0";
			developmentRegion = en;
			hasScannedForEncodings = 0;
			knownRegions = (
				en,
				Base,
			);
			mainGroup = CF54E0512A249FFC00001381;
			packageReferences = (
				CF54E0712A24C93A00001381 /* XCRemoteSwiftPackageReference "lottie-ios" */,
			);
			productRefGroup = CF54E05B2A249FFC00001381 /* Products */;
			projectDirPath = "";
			projectRoot = "";
			targets = (
				CF54E0592A249FFC00001381 /* Appnap Blog */,
			);
		};
/* End PBXProject section */

/* Begin PBXResourcesBuildPhase section */
		CF54E0582A249FFC00001381 /* Resources */ = {
			isa = PBXResourcesBuildPhase;
			buildActionMask = 2147483647;
			files = (
				CF54E0652A249FFE00001381 /* Preview Assets.xcassets in Resources */,
				CF54E0772A24D20F00001381 /* onboard_anim.json in Resources */,
				CF54E0622A249FFE00001381 /* Assets.xcassets in Resources */,
			);
			runOnlyForDeploymentPostprocessing = 0;
		};
/* End PBXResourcesBuildPhase section */

/* Begin PBXSourcesBuildPhase section */
		CF54E0562A249FFC00001381 /* Sources */ = {
			isa = PBXSourcesBuildPhase;
			buildActionMask = 2147483647;
			files = (
				CF54E0602A249FFC00001381 /* ContentView.swift in Sources */,
				CF54E0702A24ACC200001381 /* OnboardingView.swift in Sources */,
				CF54E06E2A24A6D300001381 /* MainView.swift in Sources */,
				CFBB82FE2A261FC90093A5A5 /* HomeScreenView.swift in Sources */,
				CFBB83042A2620050093A5A5 /* SearchView.swift in Sources */,
				CF54E0752A24D02100001381 /* OnBoardLottieView.swift in Sources */,
				CFBB83062A2620170093A5A5 /* AccountView.swift in Sources */,
				CFBB83022A261FEE0093A5A5 /* ArticleView.swift in Sources */,
				CF54E05E2A249FFC00001381 /* Appnap_BlogApp.swift in Sources */,
			);
			runOnlyForDeploymentPostprocessing = 0;
		};
/* End PBXSourcesBuildPhase section */

/* Begin XCBuildConfiguration section */
		CF54E0662A249FFE00001381 /* Debug */ = {
			isa = XCBuildConfiguration;
			buildSettings = {
				ALWAYS_SEARCH_USER_PATHS = NO;
				CLANG_ANALYZER_NONNULL = YES;
				CLANG_ANALYZER_NUMBER_OBJECT_CONVERSION = YES_AGGRESSIVE;
				CLANG_CXX_LANGUAGE_STANDARD = "gnu++20";
				CLANG_ENABLE_MODULES = YES;
				CLANG_ENABLE_OBJC_ARC = YES;
				CLANG_ENABLE_OBJC_WEAK = YES;
				CLANG_WARN_BLOCK_CAPTURE_AUTORELEASING = YES;
				CLANG_WARN_BOOL_CONVERSION = YES;
				CLANG_WARN_COMMA = YES;
				CLANG_WARN_CONSTANT_CONVERSION = YES;
				CLANG_WARN_DEPRECATED_OBJC_IMPLEMENTATIONS = YES;
				CLANG_WARN_DIRECT_OBJC_ISA_USAGE = YES_ERROR;
				CLANG_WARN_DOCUMENTATION_COMMENTS = YES;
				CLANG_WARN_EMPTY_BODY = YES;
				CLANG_WARN_ENUM_CONVERSION = YES;
				CLANG_WARN_INFINITE_RECURSION = YES;
				CLANG_WARN_INT_CONVERSION = YES;
				CLANG_WARN_NON_LITERAL_NULL_CONVERSION = YES;
				CLANG_WARN_OBJC_IMPLICIT_RETAIN_SELF = YES;
				CLANG_WARN_OBJC_LITERAL_CONVERSION = YES;
				CLANG_WARN_OBJC_ROOT_CLASS = YES_ERROR;
				CLANG_WARN_QUOTED_INCLUDE_IN_FRAMEWORK_HEADER = YES;
				CLANG_WARN_RANGE_LOOP_ANALYSIS = YES;
				CLANG_WARN_STRICT_PROTOTYPES = YES;
				CLANG_WARN_SUSPICIOUS_MOVE = YES;
				CLANG_WARN_UNGUARDED_AVAILABILITY = YES_AGGRESSIVE;
				CLANG_WARN_UNREACHABLE_CODE = YES;
				CLANG_WARN__DUPLICATE_METHOD_MATCH = YES;
				COPY_PHASE_STRIP = NO;
				DEBUG_INFORMATION_FORMAT = dwarf;
				ENABLE_STRICT_OBJC_MSGSEND = YES;
				ENABLE_TESTABILITY = YES;
				GCC_C_LANGUAGE_STANDARD = gnu11;
				GCC_DYNAMIC_NO_PIC = NO;
				GCC_NO_COMMON_BLOCKS = YES;
				GCC_OPTIMIZATION_LEVEL = 0;
				GCC_PREPROCESSOR_DEFINITIONS = (
					"DEBUG=1",
					"$(inherited)",
				);
				GCC_WARN_64_TO_32_BIT_CONVERSION = YES;
				GCC_WARN_ABOUT_RETURN_TYPE = YES_ERROR;
				GCC_WARN_UNDECLARED_SELECTOR = YES;
				GCC_WARN_UNINITIALIZED_AUTOS = YES_AGGRESSIVE;
				GCC_WARN_UNUSED_FUNCTION = YES;
				GCC_WARN_UNUSED_VARIABLE = YES;
				IPHONEOS_DEPLOYMENT_TARGET = 16.2;
				MTL_ENABLE_DEBUG_INFO = INCLUDE_SOURCE;
				MTL_FAST_MATH = YES;
				ONLY_ACTIVE_ARCH = YES;
				SDKROOT = iphoneos;
				SWIFT_ACTIVE_COMPILATION_CONDITIONS = DEBUG;
				SWIFT_OPTIMIZATION_LEVEL = "-Onone";
			};
			name = Debug;
		};
		CF54E0672A249FFE00001381 /* Release */ = {
			isa = XCBuildConfiguration;
			buildSettings = {
				ALWAYS_SEARCH_USER_PATHS = NO;
				CLANG_ANALYZER_NONNULL = YES;
				CLANG_ANALYZER_NUMBER_OBJECT_CONVERSION = YES_AGGRESSIVE;
				CLANG_CXX_LANGUAGE_STANDARD = "gnu++20";
				CLANG_ENABLE_MODULES = YES;
				CLANG_ENABLE_OBJC_ARC = YES;
				CLANG_ENABLE_OBJC_WEAK = YES;
				CLANG_WARN_BLOCK_CAPTURE_AUTORELEASING = YES;
				CLANG_WARN_BOOL_CONVERSION = YES;
				CLANG_WARN_COMMA = YES;
				CLANG_WARN_CONSTANT_CONVERSION = YES;
				CLANG_WARN_DEPRECATED_OBJC_IMPLEMENTATIONS = YES;
				CLANG_WARN_DIRECT_OBJC_ISA_USAGE = YES_ERROR;
				CLANG_WARN_DOCUMENTATION_COMMENTS = YES;
				CLANG_WARN_EMPTY_BODY = YES;
				CLANG_WARN_ENUM_CONVERSION = YES;
				CLANG_WARN_INFINITE_RECURSION = YES;
				CLANG_WARN_INT_CONVERSION = YES;
				CLANG_WARN_NON_LITERAL_NULL_CONVERSION = YES;
				CLANG_WARN_OBJC_IMPLICIT_RETAIN_SELF = YES;
				CLANG_WARN_OBJC_LITERAL_CONVERSION = YES;
				CLANG_WARN_OBJC_ROOT_CLASS = YES_ERROR;
				CLANG_WARN_QUOTED_INCLUDE_IN_FRAMEWORK_HEADER = YES;
				CLANG_WARN_RANGE_LOOP_ANALYSIS = YES;
				CLANG_WARN_STRICT_PROTOTYPES = YES;
				CLANG_WARN_SUSPICIOUS_MOVE = YES;
				CLANG_WARN_UNGUARDED_AVAILABILITY = YES_AGGRESSIVE;
				CLANG_WARN_UNREACHABLE_CODE = YES;
				CLANG_WARN__DUPLICATE_METHOD_MATCH = YES;
				COPY_PHASE_STRIP = NO;
				DEBUG_INFORMATION_FORMAT = "dwarf-with-dsym";
				ENABLE_NS_ASSERTIONS = NO;
				ENABLE_STRICT_OBJC_MSGSEND = YES;
				GCC_C_LANGUAGE_STANDARD = gnu11;
				GCC_NO_COMMON_BLOCKS = YES;
				GCC_WARN_64_TO_32_BIT_CONVERSION = YES;
				GCC_WARN_ABOUT_RETURN_TYPE = YES_ERROR;
				GCC_WARN_UNDECLARED_SELECTOR = YES;
				GCC_WARN_UNINITIALIZED_AUTOS = YES_AGGRESSIVE;
				GCC_WARN_UNUSED_FUNCTION = YES;
				GCC_WARN_UNUSED_VARIABLE = YES;
				IPHONEOS_DEPLOYMENT_TARGET = 16.2;
				MTL_ENABLE_DEBUG_INFO = NO;
				MTL_FAST_MATH = YES;
				SDKROOT = iphoneos;
				SWIFT_COMPILATION_MODE = wholemodule;
				SWIFT_OPTIMIZATION_LEVEL = "-O";
				VALIDATE_PRODUCT = YES;
			};
			name = Release;
		};
		CF54E0692A249FFE00001381 /* Debug */ = {
			isa = XCBuildConfiguration;
			buildSettings = {
				ASSETCATALOG_COMPILER_APPICON_NAME = AppIcon;
				ASSETCATALOG_COMPILER_GLOBAL_ACCENT_COLOR_NAME = AccentColor;
				CODE_SIGN_STYLE = Automatic;
				CURRENT_PROJECT_VERSION = 1;
				DEAD_CODE_STRIPPING = NO;
				DEVELOPMENT_ASSET_PATHS = "\"Appnap Blog/Preview Content\"";
				ENABLE_PREVIEWS = YES;
				GENERATE_INFOPLIST_FILE = YES;
				INFOPLIST_KEY_UIApplicationSceneManifest_Generation = YES;
				INFOPLIST_KEY_UIApplicationSupportsIndirectInputEvents = YES;
				INFOPLIST_KEY_UILaunchScreen_Generation = YES;
				INFOPLIST_KEY_UISupportedInterfaceOrientations_iPad = "UIInterfaceOrientationPortrait UIInterfaceOrientationPortraitUpsideDown UIInterfaceOrientationLandscapeLeft UIInterfaceOrientationLandscapeRight";
				INFOPLIST_KEY_UISupportedInterfaceOrientations_iPhone = "UIInterfaceOrientationPortrait UIInterfaceOrientationLandscapeLeft UIInterfaceOrientationLandscapeRight";
				LD_RUNPATH_SEARCH_PATHS = (
					"$(inherited)",
					"@executable_path/Frameworks",
				);
				MARKETING_VERSION = 1.0;
				PRODUCT_BUNDLE_IDENTIFIER = "com.appnap.blog.Appnap-Blog";
				PRODUCT_NAME = "$(TARGET_NAME)";
				SWIFT_EMIT_LOC_STRINGS = YES;
				SWIFT_VERSION = 5.0;
				TARGETED_DEVICE_FAMILY = "1,2";
			};
			name = Debug;
		};
		CF54E06A2A249FFE00001381 /* Release */ = {
			isa = XCBuildConfiguration;
			buildSettings = {
				ASSETCATALOG_COMPILER_APPICON_NAME = AppIcon;
				ASSETCATALOG_COMPILER_GLOBAL_ACCENT_COLOR_NAME = AccentColor;
				CODE_SIGN_STYLE = Automatic;
				CURRENT_PROJECT_VERSION = 1;
				DEAD_CODE_STRIPPING = NO;
				DEVELOPMENT_ASSET_PATHS = "\"Appnap Blog/Preview Content\"";
				ENABLE_PREVIEWS = YES;
				GENERATE_INFOPLIST_FILE = YES;
				INFOPLIST_KEY_UIApplicationSceneManifest_Generation = YES;
				INFOPLIST_KEY_UIApplicationSupportsIndirectInputEvents = YES;
				INFOPLIST_KEY_UILaunchScreen_Generation = YES;
				INFOPLIST_KEY_UISupportedInterfaceOrientations_iPad = "UIInterfaceOrientationPortrait UIInterfaceOrientationPortraitUpsideDown UIInterfaceOrientationLandscapeLeft UIInterfaceOrientationLandscapeRight";
				INFOPLIST_KEY_UISupportedInterfaceOrientations_iPhone = "UIInterfaceOrientationPortrait UIInterfaceOrientationLandscapeLeft UIInterfaceOrientationLandscapeRight";
				LD_RUNPATH_SEARCH_PATHS = (
					"$(inherited)",
					"@executable_path/Frameworks",
				);
				MARKETING_VERSION = 1.0;
				PRODUCT_BUNDLE_IDENTIFIER = "com.appnap.blog.Appnap-Blog";
				PRODUCT_NAME = "$(TARGET_NAME)";
				SWIFT_EMIT_LOC_STRINGS = YES;
				SWIFT_VERSION = 5.0;
				TARGETED_DEVICE_FAMILY = "1,2";
			};
			name = Release;
		};
/* End XCBuildConfiguration section */

/* Begin XCConfigurationList section */
		CF54E0552A249FFC00001381 /* Build configuration list for PBXProject "Appnap Blog" */ = {
			isa = XCConfigurationList;
			buildConfigurations = (
				CF54E0662A249FFE00001381 /* Debug */,
				CF54E0672A249FFE00001381 /* Release */,
			);
			defaultConfigurationIsVisible = 0;
			defaultConfigurationName = Release;
		};
		CF54E0682A249FFE00001381 /* Build configuration list for PBXNativeTarget "Appnap Blog" */ = {
			isa = XCConfigurationList;
			buildConfigurations = (
				CF54E0692A249FFE00001381 /* Debug */,
				CF54E06A2A249FFE00001381 /* Release */,
			);
			defaultConfigurationIsVisible = 0;
			defaultConfigurationName = Release;
		};
/* End XCConfigurationList section */

/* Begin XCRemoteSwiftPackageReference section */
		CF54E0712A24C93A00001381 /* XCRemoteSwiftPackageReference "lottie-ios" */ = {
			isa = XCRemoteSwiftPackageReference;
			repositoryURL = "https://github.com/airbnb/lottie-ios";
			requirement = {
				kind = upToNextMajorVersion;
				minimumVersion = 4.0.0;
			};
		};
/* End XCRemoteSwiftPackageReference section */

/* Begin XCSwiftPackageProductDependency section */
		CF54E0722A24C93A00001381 /* Lottie */ = {
			isa = XCSwiftPackageProductDependency;
			package = CF54E0712A24C93A00001381 /* XCRemoteSwiftPackageReference "lottie-ios" */;
			productName = Lottie;
		};
/* End XCSwiftPackageProductDependency section */
	};
	rootObject = CF54E0522A249FFC00001381 /* Project object */;
}
